{
    "_meta": {
        "hash": {
            "sha256": "40f2cbe0d2ce140d53dab469f4037ee9f0933080fbb640264c8f6bf568bc5fb3"
        },
        "pipfile-spec": 6,
        "requires": {
            "python_version": "3.6"
        },
        "sources": [
            {
                "name": "pypi",
                "url": "https://pypi.org/simple",
                "verify_ssl": true
            }
        ]
    },
    "default": {},
    "develop": {
        "certifi": {
            "hashes": [
                "sha256:47f9c83ef4c0c621eaef743f133f09fa8a74a9b75f037e8624f83bd1b6626cb7",
                "sha256:993f830721089fef441cdfeb4b2c8c9df86f0c63239f06bd025a76a7daddb033"
            ],
            "version": "==2018.11.29"
        },
        "pbr": {
            "hashes": [
                "sha256:f59d71442f9ece3dffc17bc36575768e1ee9967756e6b6535f0ee1f0054c3d68",
                "sha256:f6d5b23f226a2ba58e14e49aa3b1bfaf814d0199144b95d78458212444de1387"
            ],
            "version": "==5.1.1"
        },
        "pipenv": {
            "hashes": [
                "sha256:56ad5f5cb48f1e58878e14525a6e3129d4306049cb76d2f6a3e95df0d5fc6330",
                "sha256:7df8e33a2387de6f537836f48ac6fcd94eda6ed9ba3d5e3fd52e35b5bc7ff49e",
                "sha256:a673e606e8452185e9817a987572b55360f4d28b50831ef3b42ac3cab3fee846"
            ],
            "version": "==2018.11.26"
        },
        "pipenv-to-requirements": {
            "hashes": [
                "sha256:c20f905dfe4d93bc41486a36b87cf479f2d6b30b006649b57af68a0ab6bd48a8",
                "sha256:d3d633c213d2fae0d2dceec26c9c67fdbeb48b56eeee66c9b2153c20cd0ba306"
            ],
            "index": "pypi",
            "version": "==0.6.1"
        },
        "virtualenv": {
            "hashes": [
                "sha256:686176c23a538ecc56d27ed9d5217abd34644823d6391cbeb232f42bf722baad",
                "sha256:f899fafcd92e1150f40c8215328be38ff24b519cd95357fa6e78e006c7638208"
            ],
            "version": "==16.1.0"
        },
        "virtualenv-clone": {
            "hashes": [
                "sha256:06c5a8bc77f3ed0ad130a690e623e27e07b6599dbdbf83e089cc3a2c6b191da0",
                "sha256:afce268508aa5596c90dda234abe345deebc401a57d287bcbd76baa140a1aa58"
            ],
            "version": "==0.4.0"
        }
    }
}
